{
  "name": "@mdi/js",
  "version": "7.4.47",
  "lockfileVersion": 2,
  "requires": true,
  "packages": {
    "": {
      "name": "@mdi/js",
      "version": "7.4.47",
      "license": "Apache-2.0",
      "devDependencies": {
        "@mdi/svg": "^7.4.47",
        "@mdi/util": "^0.3.2"
      }
    },
    "node_modules/@mdi/svg": {
      "version": "7.4.47",
      "resolved": "https://registry.npmjs.org/@mdi/svg/-/svg-7.4.47.tgz",
      "integrity": "sha512-WQ2gDll12T9WD34fdRFgQVgO8bag3gavrAgJ0frN4phlwdJARpE6gO1YvLEMJR0KKgoc+/Ea/A0Pp11I00xBvw==",
      "dev": true
    },
    "node_modules/@mdi/util": {
      "version": "0.3.2",
      "resolved": "https://registry.npmjs.org/@mdi/util/-/util-0.3.2.tgz",
      "integrity": "sha512-0ICbKIcsI+OYSqz6SWsYVJA6+kM+irQQiwYGBtJlq0a0sI0JrB2bCrc4S/xVfexqwa1EG8dlSY/ohsQllEXnyQ==",
      "dev": true
    }
  },
  "dependencies": {
    "@mdi/svg": {
      "version": "7.4.47",
      "resolved": "https://registry.npmjs.org/@mdi/svg/-/svg-7.4.47.tgz",
      "integrity": "sha512-WQ2gDll12T9WD34fdRFgQVgO8bag3gavrAgJ0frN4phlwdJARpE6gO1YvLEMJR0KKgoc+/Ea/A0Pp11I00xBvw==",
      "dev": true
    },
    "@mdi/util": {
      "version": "0.3.2",
      "resolved": "https://registry.npmjs.org/@mdi/util/-/util-0.3.2.tgz",
      "integrity": "sha512-0ICbKIcsI+OYSqz6SWsYVJA6+kM+irQQiwYGBtJlq0a0sI0JrB2bCrc4S/xVfexqwa1EG8dlSY/ohsQllEXnyQ==",
      "dev": true
    }
  }
}
