{
  "name": "@mdi/js",
  "version": "4.5.95",
  "lockfileVersion": 1,
  "requires": true,
  "dependencies": {
    "@mdi/svg": {
      "version": "4.5.95",
      "resolved": "https://registry.npmjs.org/@mdi/svg/-/svg-4.5.95.tgz",
      "integrity": "sha512-CwIV4cc6GB4qcNI8Z/5KSf51rONTQnB6dgF6Uji0Ns9eANzQQ14/cPvCFgJ42xNm+ivw+VXaQ5Ed9y/zcK/iXQ==",
      "dev": true
    },
    "@mdi/util": {
      "version": "0.3.0",
      "resolved": "https://registry.npmjs.org/@mdi/util/-/util-0.3.0.tgz",
      "integrity": "sha512-vBldUQB5aqoDXDgvWBCrPAkdJGKsZW2mXolpyEbZbocXEQswxyLMgKu/IHMpgbHn9KWiS87c5cs/pEgnPLR5kw==",
      "dev": true
    }
  }
}
