{
  "name": "@mdi/js",
  "version": "3.9.97",
  "lockfileVersion": 1,
  "requires": true,
  "dependencies": {
    "@mdi/svg": {
      "version": "3.9.97",
      "resolved": "https://registry.npmjs.org/@mdi/svg/-/svg-3.9.97.tgz",
      "integrity": "sha512-ppU8jzKWZIau6DPWywZPtcDw1y5o+EopdtomfpYS96kLf1Lu7qEnIBeh+7QQUjhepKSexO/XW11/mMGecFkOdw==",
      "dev": true
    },
    "@mdi/util": {
      "version": "0.3.0",
      "resolved": "https://registry.npmjs.org/@mdi/util/-/util-0.3.0.tgz",
      "integrity": "sha512-vBldUQB5aqoDXDgvWBCrPAkdJGKsZW2mXolpyEbZbocXEQswxyLMgKu/IHMpgbHn9KWiS87c5cs/pEgnPLR5kw==",
      "dev": true
    }
  }
}
